// !$*UTF8*$!
{
	archiveVersion = 1;
	classes = {
	};
	objectVersion = 50;
	objects = {

/* Begin PBXBuildFile section */
		3D0F508224CF7AC700A77AF8 /* AppDelegate.swift in Sources */ = {isa = PBXBuildFile; fileRef = 3D0F508124CF7AC700A77AF8 /* AppDelegate.swift */; };
		3D0F508424CF7AC700A77AF8 /* SceneDelegate.swift in Sources */ = {isa = PBXBuildFile; fileRef = 3D0F508324CF7AC700A77AF8 /* SceneDelegate.swift */; };
		3D0F508724CF7AC700A77AF8 /* Pomodoro.xcdatamodeld in Sources */ = {isa = PBXBuildFile; fileRef = 3D0F508524CF7AC700A77AF8 /* Pomodoro.xcdatamodeld */; };
		3D0F508924CF7AC700A77AF8 /* ContentView.swift in Sources */ = {isa = PBXBuildFile; fileRef = 3D0F508824CF7AC700A77AF8 /* ContentView.swift */; };
		3D0F508B24CF7ACB00A77AF8 /* Assets.xcassets in Resources */ = {isa = PBXBuildFile; fileRef = 3D0F508A24CF7ACB00A77AF8 /* Assets.xcassets */; };
		3D0F508E24CF7ACB00A77AF8 /* Preview Assets.xcassets in Resources */ = {isa = PBXBuildFile; fileRef = 3D0F508D24CF7ACB00A77AF8 /* Preview Assets.xcassets */; };
		3D0F509124CF7ACB00A77AF8 /* LaunchScreen.storyboard in Resources */ = {isa = PBXBuildFile; fileRef = 3D0F508F24CF7ACB00A77AF8 /* LaunchScreen.storyboard */; };
		3D0F509C24CF7ACB00A77AF8 /* PomodoroTests.swift in Sources */ = {isa = PBXBuildFile; fileRef = 3D0F509B24CF7ACB00A77AF8 /* PomodoroTests.swift */; };
		3D0F50A724CF7ACC00A77AF8 /* PomodoroUITests.swift in Sources */ = {isa = PBXBuildFile; fileRef = 3D0F50A624CF7ACC00A77AF8 /* PomodoroUITests.swift */; };
/* End PBXBuildFile section */

/* Begin PBXContainerItemProxy section */
		3D0F509824CF7ACB00A77AF8 /* PBXContainerItemProxy */ = {
			isa = PBXContainerItemProxy;
			containerPortal = 3D0F507624CF7AC600A77AF8 /* Project object */;
			proxyType = 1;
			remoteGlobalIDString = 3D0F507D24CF7AC600A77AF8;
			remoteInfo = Pomodoro;
		};
		3D0F50A324CF7ACC00A77AF8 /* PBXContainerItemProxy */ = {
			isa = PBXContainerItemProxy;
			containerPortal = 3D0F507624CF7AC600A77AF8 /* Project object */;
			proxyType = 1;
			remoteGlobalIDString = 3D0F507D24CF7AC600A77AF8;
			remoteInfo = Pomodoro;
		};
/* End PBXContainerItemProxy section */

/* Begin PBXFileReference section */
		3D0F507E24CF7AC700A77AF8 /* Pomodoro.app */ = {isa = PBXFileReference; explicitFileType = wrapper.application; includeInIndex = 0; path = Pomodoro.app; sourceTree = BUILT_PRODUCTS_DIR; };
		3D0F508124CF7AC700A77AF8 /* AppDelegate.swift */ = {isa = PBXFileReference; lastKnownFileType = sourcecode.swift; path = AppDelegate.swift; sourceTree = "<group>"; };
		3D0F508324CF7AC700A77AF8 /* SceneDelegate.swift */ = {isa = PBXFileReference; lastKnownFileType = sourcecode.swift; path = SceneDelegate.swift; sourceTree = "<group>"; };
		3D0F508624CF7AC700A77AF8 /* Pomodoro.xcdatamodel */ = {isa = PBXFileReference; lastKnownFileType = wrapper.xcdatamodel; path = Pomodoro.xcdatamodel; sourceTree = "<group>"; };
		3D0F508824CF7AC700A77AF8 /* ContentView.swift */ = {isa = PBXFileReference; lastKnownFileType = sourcecode.swift; path = ContentView.swift; sourceTree = "<group>"; };
		3D0F508A24CF7ACB00A77AF8 /* Assets.xcassets */ = {isa = PBXFileReference; lastKnownFileType = folder.assetcatalog; path = Assets.xcassets; sourceTree = "<group>"; };
		3D0F508D24CF7ACB00A77AF8 /* Preview Assets.xcassets */ = {isa = PBXFileReference; lastKnownFileType = folder.assetcatalog; path = "Preview Assets.xcassets"; sourceTree = "<group>"; };
		3D0F509024CF7ACB00A77AF8 /* Base */ = {isa = PBXFileReference; lastKnownFileType = file.storyboard; name = Base; path = Base.lproj/LaunchScreen.storyboard; sourceTree = "<group>"; };
		3D0F509224CF7ACB00A77AF8 /* Info.plist */ = {isa = PBXFileReference; lastKnownFileType = text.plist.xml; path = Info.plist; sourceTree = "<group>"; };
		3D0F509724CF7ACB00A77AF8 /* PomodoroTests.xctest */ = {isa = PBXFileReference; explicitFileType = wrapper.cfbundle; includeInIndex = 0; path = PomodoroTests.xctest; sourceTree = BUILT_PRODUCTS_DIR; };
		3D0F509B24CF7ACB00A77AF8 /* PomodoroTests.swift */ = {isa = PBXFileReference; lastKnownFileType = sourcecode.swift; path = PomodoroTests.swift; sourceTree = "<group>"; };
		3D0F509D24CF7ACB00A77AF8 /* Info.plist */ = {isa = PBXFileReference; lastKnownFileType = text.plist.xml; path = Info.plist; sourceTree = "<group>"; };
		3D0F50A224CF7ACC00A77AF8 /* PomodoroUITests.xctest */ = {isa = PBXFileReference; explicitFileType = wrapper.cfbundle; includeInIndex = 0; path = PomodoroUITests.xctest; sourceTree = BUILT_PRODUCTS_DIR; };
		3D0F50A624CF7ACC00A77AF8 /* PomodoroUITests.swift */ = {isa = PBXFileReference; lastKnownFileType = sourcecode.swift; path = PomodoroUITests.swift; sourceTree = "<group>"; };
		3D0F50A824CF7ACC00A77AF8 /* Info.plist */ = {isa = PBXFileReference; lastKnownFileType = text.plist.xml; path = Info.plist; sourceTree = "<group>"; };
/* End PBXFileReference section */

/* Begin PBXFrameworksBuildPhase section */
		3D0F507B24CF7AC600A77AF8 /* Frameworks */ = {
			isa = PBXFrameworksBuildPhase;
			buildActionMask = 2147483647;
			files = (
			);
			runOnlyForDeploymentPostprocessing = 0;
		};
		3D0F509424CF7ACB00A77AF8 /* Frameworks */ = {
			isa = PBXFrameworksBuildPhase;
			buildActionMask = 2147483647;
			files = (
			);
			runOnlyForDeploymentPostprocessing = 0;
		};
		3D0F509F24CF7ACC00A77AF8 /* Frameworks */ = {
			isa = PBXFrameworksBuildPhase;
			buildActionMask = 2147483647;
			files = (
			);
			runOnlyForDeploymentPostprocessing = 0;
		};
/* End PBXFrameworksBuildPhase section */

/* Begin PBXGroup section */
		3D0F507524CF7AC600A77AF8 = {
			isa = PBXGroup;
			children = (
				3D0F508024CF7AC700A77AF8 /* Pomodoro */,
				3D0F509A24CF7ACB00A77AF8 /* PomodoroTests */,
				3D0F50A524CF7ACC00A77AF8 /* PomodoroUITests */,
				3D0F507F24CF7AC700A77AF8 /* Products */,
			);
			sourceTree = "<group>";
		};
		3D0F507F24CF7AC700A77AF8 /* Products */ = {
			isa = PBXGroup;
			children = (
				3D0F507E24CF7AC700A77AF8 /* Pomodoro.app */,
				3D0F509724CF7ACB00A77AF8 /* PomodoroTests.xctest */,
				3D0F50A224CF7ACC00A77AF8 /* PomodoroUITests.xctest */,
			);
			name = Products;
			sourceTree = "<group>";
		};
		3D0F508024CF7AC700A77AF8 /* Pomodoro */ = {
			isa = PBXGroup;
			children = (
				3D0F508124CF7AC700A77AF8 /* AppDelegate.swift */,
				3D0F508324CF7AC700A77AF8 /* SceneDelegate.swift */,
				3D0F508824CF7AC700A77AF8 /* ContentView.swift */,
				3D0F508A24CF7ACB00A77AF8 /* Assets.xcassets */,
				3D0F508F24CF7ACB00A77AF8 /* LaunchScreen.storyboard */,
				3D0F509224CF7ACB00A77AF8 /* Info.plist */,
				3D0F508524CF7AC700A77AF8 /* Pomodoro.xcdatamodeld */,
				3D0F508C24CF7ACB00A77AF8 /* Preview Content */,
			);
			path = Pomodoro;
			sourceTree = "<group>";
		};
		3D0F508C24CF7ACB00A77AF8 /* Preview Content */ = {
			isa = PBXGroup;
			children = (
				3D0F508D24CF7ACB00A77AF8 /* Preview Assets.xcassets */,
			);
			path = "Preview Content";
			sourceTree = "<group>";
		};
		3D0F509A24CF7ACB00A77AF8 /* PomodoroTests */ = {
			isa = PBXGroup;
			children = (
				3D0F509B24CF7ACB00A77AF8 /* PomodoroTests.swift */,
				3D0F509D24CF7ACB00A77AF8 /* Info.plist */,
			);
			path = PomodoroTests;
			sourceTree = "<group>";
		};
		3D0F50A524CF7ACC00A77AF8 /* PomodoroUITests */ = {
			isa = PBXGroup;
			children = (
				3D0F50A624CF7ACC00A77AF8 /* PomodoroUITests.swift */,
				3D0F50A824CF7ACC00A77AF8 /* Info.plist */,
			);
			path = PomodoroUITests;
			sourceTree = "<group>";
		};
/* End PBXGroup section */

/* Begin PBXNativeTarget section */
		3D0F507D24CF7AC600A77AF8 /* Pomodoro */ = {
			isa = PBXNativeTarget;
			buildConfigurationList = 3D0F50AB24CF7ACC00A77AF8 /* Build configuration list for PBXNativeTarget "Pomodoro" */;
			buildPhases = (
				3D0F507A24CF7AC600A77AF8 /* Sources */,
				3D0F507B24CF7AC600A77AF8 /* Frameworks */,
				3D0F507C24CF7AC600A77AF8 /* Resources */,
			);
			buildRules = (
			);
			dependencies = (
			);
			name = Pomodoro;
			productName = Pomodoro;
			productReference = 3D0F507E24CF7AC700A77AF8 /* Pomodoro.app */;
			productType = "com.apple.product-type.application";
		};
		3D0F509624CF7ACB00A77AF8 /* PomodoroTests */ = {
			isa = PBXNativeTarget;
			buildConfigurationList = 3D0F50AE24CF7ACC00A77AF8 /* Build configuration list for PBXNativeTarget "PomodoroTests" */;
			buildPhases = (
				3D0F509324CF7ACB00A77AF8 /* Sources */,
				3D0F509424CF7ACB00A77AF8 /* Frameworks */,
				3D0F509524CF7ACB00A77AF8 /* Resources */,
			);
			buildRules = (
			);
			dependencies = (
				3D0F509924CF7ACB00A77AF8 /* PBXTargetDependency */,
			);
			name = PomodoroTests;
			productName = PomodoroTests;
			productReference = 3D0F509724CF7ACB00A77AF8 /* PomodoroTests.xctest */;
			productType = "com.apple.product-type.bundle.unit-test";
		};
		3D0F50A124CF7ACC00A77AF8 /* PomodoroUITests */ = {
			isa = PBXNativeTarget;
			buildConfigurationList = 3D0F50B124CF7ACC00A77AF8 /* Build configuration list for PBXNativeTarget "PomodoroUITests" */;
			buildPhases = (
				3D0F509E24CF7ACC00A77AF8 /* Sources */,
				3D0F509F24CF7ACC00A77AF8 /* Frameworks */,
				3D0F50A024CF7ACC00A77AF8 /* Resources */,
			);
			buildRules = (
			);
			dependencies = (
				3D0F50A424CF7ACC00A77AF8 /* PBXTargetDependency */,
			);
			name = PomodoroUITests;
			productName = PomodoroUITests;
			productReference = 3D0F50A224CF7ACC00A77AF8 /* PomodoroUITests.xctest */;
			productType = "com.apple.product-type.bundle.ui-testing";
		};
/* End PBXNativeTarget section */

/* Begin PBXProject section */
		3D0F507624CF7AC600A77AF8 /* Project object */ = {
			isa = PBXProject;
			attributes = {
				LastSwiftUpdateCheck = 1160;
				LastUpgradeCheck = 1160;
				ORGANIZATIONNAME = "William Oliveira de Lagos";
				TargetAttributes = {
					3D0F507D24CF7AC600A77AF8 = {
						CreatedOnToolsVersion = 11.6;
					};
					3D0F509624CF7ACB00A77AF8 = {
						CreatedOnToolsVersion = 11.6;
						TestTargetID = 3D0F507D24CF7AC600A77AF8;
					};
					3D0F50A124CF7ACC00A77AF8 = {
						CreatedOnToolsVersion = 11.6;
						TestTargetID = 3D0F507D24CF7AC600A77AF8;
					};
				};
			};
			buildConfigurationList = 3D0F507924CF7AC600A77AF8 /* Build configuration list for PBXProject "Pomodoro" */;
			compatibilityVersion = "Xcode 9.3";
			developmentRegion = en;
			hasScannedForEncodings = 0;
			knownRegions = (
				en,
				Base,
			);
			mainGroup = 3D0F507524CF7AC600A77AF8;
			productRefGroup = 3D0F507F24CF7AC700A77AF8 /* Products */;
			projectDirPath = "";
			projectRoot = "";
			targets = (
				3D0F507D24CF7AC600A77AF8 /* Pomodoro */,
				3D0F509624CF7ACB00A77AF8 /* PomodoroTests */,
				3D0F50A124CF7ACC00A77AF8 /* PomodoroUITests */,
			);
		};
/* End PBXProject section */

/* Begin PBXResourcesBuildPhase section */
		3D0F507C24CF7AC600A77AF8 /* Resources */ = {
			isa = PBXResourcesBuildPhase;
			buildActionMask = 2147483647;
			files = (
				3D0F509124CF7ACB00A77AF8 /* LaunchScreen.storyboard in Resources */,
				3D0F508E24CF7ACB00A77AF8 /* Preview Assets.xcassets in Resources */,
				3D0F508B24CF7ACB00A77AF8 /* Assets.xcassets in Resources */,
			);
			runOnlyForDeploymentPostprocessing = 0;
		};
		3D0F509524CF7ACB00A77AF8 /* Resources */ = {
			isa = PBXResourcesBuildPhase;
			buildActionMask = 2147483647;
			files = (
			);
			runOnlyForDeploymentPostprocessing = 0;
		};
		3D0F50A024CF7ACC00A77AF8 /* Resources */ = {
			isa = PBXResourcesBuildPhase;
			buildActionMask = 2147483647;
			files = (
			);
			runOnlyForDeploymentPostprocessing = 0;
		};
/* End PBXResourcesBuildPhase section */

/* Begin PBXSourcesBuildPhase section */
		3D0F507A24CF7AC600A77AF8 /* Sources */ = {
			isa = PBXSourcesBuildPhase;
			buildActionMask = 2147483647;
			files = (
				3D0F508724CF7AC700A77AF8 /* Pomodoro.xcdatamodeld in Sources */,
				3D0F508224CF7AC700A77AF8 /* AppDelegate.swift in Sources */,
				3D0F508924CF7AC700A77AF8 /* ContentView.swift in Sources */,
				3D0F508424CF7AC700A77AF8 /* SceneDelegate.swift in Sources */,
			);
			runOnlyForDeploymentPostprocessing = 0;
		};
		3D0F509324CF7ACB00A77AF8 /* Sources */ = {
			isa = PBXSourcesBuildPhase;
			buildActionMask = 2147483647;
			files = (
				3D0F509C24CF7ACB00A77AF8 /* PomodoroTests.swift in Sources */,
			);
			runOnlyForDeploymentPostprocessing = 0;
		};
		3D0F509E24CF7ACC00A77AF8 /* Sources */ = {
			isa = PBXSourcesBuildPhase;
			buildActionMask = 2147483647;
			files = (
				3D0F50A724CF7ACC00A77AF8 /* PomodoroUITests.swift in Sources */,
			);
			runOnlyForDeploymentPostprocessing = 0;
		};
/* End PBXSourcesBuildPhase section */

/* Begin PBXTargetDependency section */
		3D0F509924CF7ACB00A77AF8 /* PBXTargetDependency */ = {
			isa = PBXTargetDependency;
			target = 3D0F507D24CF7AC600A77AF8 /* Pomodoro */;
			targetProxy = 3D0F509824CF7ACB00A77AF8 /* PBXContainerItemProxy */;
		};
		3D0F50A424CF7ACC00A77AF8 /* PBXTargetDependency */ = {
			isa = PBXTargetDependency;
			target = 3D0F507D24CF7AC600A77AF8 /* Pomodoro */;
			targetProxy = 3D0F50A324CF7ACC00A77AF8 /* PBXContainerItemProxy */;
		};
/* End PBXTargetDependency section */

/* Begin PBXVariantGroup section */
		3D0F508F24CF7ACB00A77AF8 /* LaunchScreen.storyboard */ = {
			isa = PBXVariantGroup;
			children = (
				3D0F509024CF7ACB00A77AF8 /* Base */,
			);
			name = LaunchScreen.storyboard;
			sourceTree = "<group>";
		};
/* End PBXVariantGroup section */

/* Begin XCBuildConfiguration section */
		3D0F50A924CF7ACC00A77AF8 /* Debug */ = {
			isa = XCBuildConfiguration;
			buildSettings = {
				ALWAYS_SEARCH_USER_PATHS = NO;
				CLANG_ANALYZER_NONNULL = YES;
				CLANG_ANALYZER_NUMBER_OBJECT_CONVERSION = YES_AGGRESSIVE;
				CLANG_CXX_LANGUAGE_STANDARD = "gnu++14";
				CLANG_CXX_LIBRARY = "libc++";
				CLANG_ENABLE_MODULES = YES;
				CLANG_ENABLE_OBJC_ARC = YES;
				CLANG_ENABLE_OBJC_WEAK = YES;
				CLANG_WARN_BLOCK_CAPTURE_AUTORELEASING = YES;
				CLANG_WARN_BOOL_CONVERSION = YES;
				CLANG_WARN_COMMA = YES;
				CLANG_WARN_CONSTANT_CONVERSION = YES;
				CLANG_WARN_DEPRECATED_OBJC_IMPLEMENTATIONS = YES;
				CLANG_WARN_DIRECT_OBJC_ISA_USAGE = YES_ERROR;
				CLANG_WARN_DOCUMENTATION_COMMENTS = YES;
				CLANG_WARN_EMPTY_BODY = YES;
				CLANG_WARN_ENUM_CONVERSION = YES;
				CLANG_WARN_INFINITE_RECURSION = YES;
				CLANG_WARN_INT_CONVERSION = YES;
				CLANG_WARN_NON_LITERAL_NULL_CONVERSION = YES;
				CLANG_WARN_OBJC_IMPLICIT_RETAIN_SELF = YES;
				CLANG_WARN_OBJC_LITERAL_CONVERSION = YES;
				CLANG_WARN_OBJC_ROOT_CLASS = YES_ERROR;
				CLANG_WARN_RANGE_LOOP_ANALYSIS = YES;
				CLANG_WARN_STRICT_PROTOTYPES = YES;
				CLANG_WARN_SUSPICIOUS_MOVE = YES;
				CLANG_WARN_UNGUARDED_AVAILABILITY = YES_AGGRESSIVE;
				CLANG_WARN_UNREACHABLE_CODE = YES;
				CLANG_WARN__DUPLICATE_METHOD_MATCH = YES;
				COPY_PHASE_STRIP = NO;
				DEBUG_INFORMATION_FORMAT = dwarf;
				ENABLE_STRICT_OBJC_MSGSEND = YES;
				ENABLE_TESTABILITY = YES;
				GCC_C_LANGUAGE_STANDARD = gnu11;
				GCC_DYNAMIC_NO_PIC = NO;
				GCC_NO_COMMON_BLOCKS = YES;
				GCC_OPTIMIZATION_LEVEL = 0;
				GCC_PREPROCESSOR_DEFINITIONS = (
					"DEBUG=1",
					"$(inherited)",
				);
				GCC_WARN_64_TO_32_BIT_CONVERSION = YES;
				GCC_WARN_ABOUT_RETURN_TYPE = YES_ERROR;
				GCC_WARN_UNDECLARED_SELECTOR = YES;
				GCC_WARN_UNINITIALIZED_AUTOS = YES_AGGRESSIVE;
				GCC_WARN_UNUSED_FUNCTION = YES;
				GCC_WARN_UNUSED_VARIABLE = YES;
				IPHONEOS_DEPLOYMENT_TARGET = 13.6;
				MTL_ENABLE_DEBUG_INFO = INCLUDE_SOURCE;
				MTL_FAST_MATH = YES;
				ONLY_ACTIVE_ARCH = YES;
				SDKROOT = iphoneos;
				SWIFT_ACTIVE_COMPILATION_CONDITIONS = DEBUG;
				SWIFT_OPTIMIZATION_LEVEL = "-Onone";
			};
			name = Debug;
		};
		3D0F50AA24CF7ACC00A77AF8 /* Release */ = {
			isa = XCBuildConfiguration;
			buildSettings = {
				ALWAYS_SEARCH_USER_PATHS = NO;
				CLANG_ANALYZER_NONNULL = YES;
				CLANG_ANALYZER_NUMBER_OBJECT_CONVERSION = YES_AGGRESSIVE;
				CLANG_CXX_LANGUAGE_STANDARD = "gnu++14";
				CLANG_CXX_LIBRARY = "libc++";
				CLANG_ENABLE_MODULES = YES;
				CLANG_ENABLE_OBJC_ARC = YES;
				CLANG_ENABLE_OBJC_WEAK = YES;
				CLANG_WARN_BLOCK_CAPTURE_AUTORELEASING = YES;
				CLANG_WARN_BOOL_CONVERSION = YES;
				CLANG_WARN_COMMA = YES;
				CLANG_WARN_CONSTANT_CONVERSION = YES;
				CLANG_WARN_DEPRECATED_OBJC_IMPLEMENTATIONS = YES;
				CLANG_WARN_DIRECT_OBJC_ISA_USAGE = YES_ERROR;
				CLANG_WARN_DOCUMENTATION_COMMENTS = YES;
				CLANG_WARN_EMPTY_BODY = YES;
				CLANG_WARN_ENUM_CONVERSION = YES;
				CLANG_WARN_INFINITE_RECURSION = YES;
				CLANG_WARN_INT_CONVERSION = YES;
				CLANG_WARN_NON_LITERAL_NULL_CONVERSION = YES;
				CLANG_WARN_OBJC_IMPLICIT_RETAIN_SELF = YES;
				CLANG_WARN_OBJC_LITERAL_CONVERSION = YES;
				CLANG_WARN_OBJC_ROOT_CLASS = YES_ERROR;
				CLANG_WARN_RANGE_LOOP_ANALYSIS = YES;
				CLANG_WARN_STRICT_PROTOTYPES = YES;
				CLANG_WARN_SUSPICIOUS_MOVE = YES;
				CLANG_WARN_UNGUARDED_AVAILABILITY = YES_AGGRESSIVE;
				CLANG_WARN_UNREACHABLE_CODE = YES;
				CLANG_WARN__DUPLICATE_METHOD_MATCH = YES;
				COPY_PHASE_STRIP = NO;
				DEBUG_INFORMATION_FORMAT = "dwarf-with-dsym";
				ENABLE_NS_ASSERTIONS = NO;
				ENABLE_STRICT_OBJC_MSGSEND = YES;
				GCC_C_LANGUAGE_STANDARD = gnu11;
				GCC_NO_COMMON_BLOCKS = YES;
				GCC_WARN_64_TO_32_BIT_CONVERSION = YES;
				GCC_WARN_ABOUT_RETURN_TYPE = YES_ERROR;
				GCC_WARN_UNDECLARED_SELECTOR = YES;
				GCC_WARN_UNINITIALIZED_AUTOS = YES_AGGRESSIVE;
				GCC_WARN_UNUSED_FUNCTION = YES;
				GCC_WARN_UNUSED_VARIABLE = YES;
				IPHONEOS_DEPLOYMENT_TARGET = 13.6;
				MTL_ENABLE_DEBUG_INFO = NO;
				MTL_FAST_MATH = YES;
				SDKROOT = iphoneos;
				SWIFT_COMPILATION_MODE = wholemodule;
				SWIFT_OPTIMIZATION_LEVEL = "-O";
				VALIDATE_PRODUCT = YES;
			};
			name = Release;
		};
		3D0F50AC24CF7ACC00A77AF8 /* Debug */ = {
			isa = XCBuildConfiguration;
			buildSettings = {
				ASSETCATALOG_COMPILER_APPICON_NAME = AppIcon;
				CODE_SIGN_STYLE = Automatic;
				DEVELOPMENT_ASSET_PATHS = "\"Pomodoro/Preview Content\"";
				DEVELOPMENT_TEAM = CY492ZD5PH;
				ENABLE_PREVIEWS = YES;
				INFOPLIST_FILE = Pomodoro/Info.plist;
				LD_RUNPATH_SEARCH_PATHS = (
					"$(inherited)",
					"@executable_path/Frameworks",
				);
				PRODUCT_BUNDLE_IDENTIFIER = io.efforia.pomodoro;
				PRODUCT_NAME = "$(TARGET_NAME)";
				SWIFT_VERSION = 5.0;
				TARGETED_DEVICE_FAMILY = "1,2";
			};
			name = Debug;
		};
		3D0F50AD24CF7ACC00A77AF8 /* Release */ = {
			isa = XCBuildConfiguration;
			buildSettings = {
				ASSETCATALOG_COMPILER_APPICON_NAME = AppIcon;
				CODE_SIGN_STYLE = Automatic;
				DEVELOPMENT_ASSET_PATHS = "\"Pomodoro/Preview Content\"";
				DEVELOPMENT_TEAM = CY492ZD5PH;
				ENABLE_PREVIEWS = YES;
				INFOPLIST_FILE = Pomodoro/Info.plist;
				LD_RUNPATH_SEARCH_PATHS = (
					"$(inherited)",
					"@executable_path/Frameworks",
				);
				PRODUCT_BUNDLE_IDENTIFIER = io.efforia.pomodoro;
				PRODUCT_NAME = "$(TARGET_NAME)";
				SWIFT_VERSION = 5.0;
				TARGETED_DEVICE_FAMILY = "1,2";
			};
			name = Release;
		};
		3D0F50AF24CF7ACC00A77AF8 /* Debug */ = {
			isa = XCBuildConfiguration;
			buildSettings = {
				ALWAYS_EMBED_SWIFT_STANDARD_LIBRARIES = YES;
				BUNDLE_LOADER = "$(TEST_HOST)";
				CODE_SIGN_STYLE = Automatic;
				DEVELOPMENT_TEAM = CY492ZD5PH;
				INFOPLIST_FILE = PomodoroTests/Info.plist;
				IPHONEOS_DEPLOYMENT_TARGET = 13.6;
				LD_RUNPATH_SEARCH_PATHS = (
					"$(inherited)",
					"@executable_path/Frameworks",
					"@loader_path/Frameworks",
				);
				PRODUCT_BUNDLE_IDENTIFIER = io.efforia.PomodoroTests;
				PRODUCT_NAME = "$(TARGET_NAME)";
				SWIFT_VERSION = 5.0;
				TARGETED_DEVICE_FAMILY = "1,2";
				TEST_HOST = "$(BUILT_PRODUCTS_DIR)/Pomodoro.app/Pomodoro";
			};
			name = Debug;
		};
		3D0F50B024CF7ACC00A77AF8 /* Release */ = {
			isa = XCBuildConfiguration;
			buildSettings = {
				ALWAYS_EMBED_SWIFT_STANDARD_LIBRARIES = YES;
				BUNDLE_LOADER = "$(TEST_HOST)";
				CODE_SIGN_STYLE = Automatic;
				DEVELOPMENT_TEAM = CY492ZD5PH;
				INFOPLIST_FILE = PomodoroTests/Info.plist;
				IPHONEOS_DEPLOYMENT_TARGET = 13.6;
				LD_RUNPATH_SEARCH_PATHS = (
					"$(inherited)",
					"@executable_path/Frameworks",
					"@loader_path/Frameworks",
				);
				PRODUCT_BUNDLE_IDENTIFIER = io.efforia.PomodoroTests;
				PRODUCT_NAME = "$(TARGET_NAME)";
				SWIFT_VERSION = 5.0;
				TARGETED_DEVICE_FAMILY = "1,2";
				TEST_HOST = "$(BUILT_PRODUCTS_DIR)/Pomodoro.app/Pomodoro";
			};
			name = Release;
		};
		3D0F50B224CF7ACC00A77AF8 /* Debug */ = {
			isa = XCBuildConfiguration;
			buildSettings = {
				ALWAYS_EMBED_SWIFT_STANDARD_LIBRARIES = YES;
				CODE_SIGN_STYLE = Automatic;
				DEVELOPMENT_TEAM = CY492ZD5PH;
				INFOPLIST_FILE = PomodoroUITests/Info.plist;
				LD_RUNPATH_SEARCH_PATHS = (
					"$(inherited)",
					"@executable_path/Frameworks",
					"@loader_path/Frameworks",
				);
				PRODUCT_BUNDLE_IDENTIFIER = io.efforia.PomodoroUITests;
				PRODUCT_NAME = "$(TARGET_NAME)";
				SWIFT_VERSION = 5.0;
				TARGETED_DEVICE_FAMILY = "1,2";
				TEST_TARGET_NAME = Pomodoro;
			};
			name = Debug;
		};
		3D0F50B324CF7ACC00A77AF8 /* Release */ = {
			isa = XCBuildConfiguration;
			buildSettings = {
				ALWAYS_EMBED_SWIFT_STANDARD_LIBRARIES = YES;
				CODE_SIGN_STYLE = Automatic;
				DEVELOPMENT_TEAM = CY492ZD5PH;
				INFOPLIST_FILE = PomodoroUITests/Info.plist;
				LD_RUNPATH_SEARCH_PATHS = (
					"$(inherited)",
					"@executable_path/Frameworks",
					"@loader_path/Frameworks",
				);
				PRODUCT_BUNDLE_IDENTIFIER = io.efforia.PomodoroUITests;
				PRODUCT_NAME = "$(TARGET_NAME)";
				SWIFT_VERSION = 5.0;
				TARGETED_DEVICE_FAMILY = "1,2";
				TEST_TARGET_NAME = Pomodoro;
			};
			name = Release;
		};
/* End XCBuildConfiguration section */

/* Begin XCConfigurationList section */
		3D0F507924CF7AC600A77AF8 /* Build configuration list for PBXProject "Pomodoro" */ = {
			isa = XCConfigurationList;
			buildConfigurations = (
				3D0F50A924CF7ACC00A77AF8 /* Debug */,
				3D0F50AA24CF7ACC00A77AF8 /* Release */,
			);
			defaultConfigurationIsVisible = 0;
			defaultConfigurationName = Release;
		};
		3D0F50AB24CF7ACC00A77AF8 /* Build configuration list for PBXNativeTarget "Pomodoro" */ = {
			isa = XCConfigurationList;
			buildConfigurations = (
				3D0F50AC24CF7ACC00A77AF8 /* Debug */,
				3D0F50AD24CF7ACC00A77AF8 /* Release */,
			);
			defaultConfigurationIsVisible = 0;
			defaultConfigurationName = Release;
		};
		3D0F50AE24CF7ACC00A77AF8 /* Build configuration list for PBXNativeTarget "PomodoroTests" */ = {
			isa = XCConfigurationList;
			buildConfigurations = (
				3D0F50AF24CF7ACC00A77AF8 /* Debug */,
				3D0F50B024CF7ACC00A77AF8 /* Release */,
			);
			defaultConfigurationIsVisible = 0;
			defaultConfigurationName = Release;
		};
		3D0F50B124CF7ACC00A77AF8 /* Build configuration list for PBXNativeTarget "PomodoroUITests" */ = {
			isa = XCConfigurationList;
			buildConfigurations = (
				3D0F50B224CF7ACC00A77AF8 /* Debug */,
				3D0F50B324CF7ACC00A77AF8 /* Release */,
			);
			defaultConfigurationIsVisible = 0;
			defaultConfigurationName = Release;
		};
/* End XCConfigurationList section */

/* Begin XCVersionGroup section */
		3D0F508524CF7AC700A77AF8 /* Pomodoro.xcdatamodeld */ = {
			isa = XCVersionGroup;
			children = (
				3D0F508624CF7AC700A77AF8 /* Pomodoro.xcdatamodel */,
			);
			currentVersion = 3D0F508624CF7AC700A77AF8 /* Pomodoro.xcdatamodel */;
			path = Pomodoro.xcdatamodeld;
			sourceTree = "<group>";
			versionGroupType = wrapper.xcdatamodel;
		};
/* End XCVersionGroup section */
	};
	rootObject = 3D0F507624CF7AC600A77AF8 /* Project object */;
}
