// !$*UTF8*$!
{
	archiveVersion = 1;
	classes = {
	};
	objectVersion = 50;
	objects = {

/* Begin PBXBuildFile section */
		3D6680EB211B9BFC0026A004 /* MealTableViewController.swift in Sources */ = {isa = PBXBuildFile; fileRef = 3D6680E9211B9BFC0026A004 /* MealTableViewController.swift */; };
		3D6680EC211B9BFC0026A004 /* MealTableViewController.xib in Resources */ = {isa = PBXBuildFile; fileRef = 3D6680EA211B9BFC0026A004 /* MealTableViewController.xib */; };
		3D829E3B21138E8300B571D2 /* Meal.swift in Sources */ = {isa = PBXBuildFile; fileRef = 3D829E3A21138E8300B571D2 /* Meal.swift */; };
		3D829E3D211397AC00B571D2 /* MealTableViewCell.swift in Sources */ = {isa = PBXBuildFile; fileRef = 3D829E3C211397AC00B571D2 /* MealTableViewCell.swift */; };
		3D8ACDBE211248FB001303E9 /* RatingControl.swift in Sources */ = {isa = PBXBuildFile; fileRef = 3D8ACDBD211248FB001303E9 /* RatingControl.swift */; };
		3D9733F1210C27160096EF1F /* AppDelegate.swift in Sources */ = {isa = PBXBuildFile; fileRef = 3D9733F0210C27160096EF1F /* AppDelegate.swift */; };
		3D9733F3210C27160096EF1F /* MealViewController.swift in Sources */ = {isa = PBXBuildFile; fileRef = 3D9733F2210C27160096EF1F /* MealViewController.swift */; };
		3D9733F6210C27160096EF1F /* Main.storyboard in Resources */ = {isa = PBXBuildFile; fileRef = 3D9733F4210C27160096EF1F /* Main.storyboard */; };
		3D9733F8210C27180096EF1F /* Assets.xcassets in Resources */ = {isa = PBXBuildFile; fileRef = 3D9733F7210C27180096EF1F /* Assets.xcassets */; };
		3D9733FB210C27180096EF1F /* LaunchScreen.storyboard in Resources */ = {isa = PBXBuildFile; fileRef = 3D9733F9210C27180096EF1F /* LaunchScreen.storyboard */; };
		3D973406210C27190096EF1F /* kombiTests.swift in Sources */ = {isa = PBXBuildFile; fileRef = 3D973405210C27190096EF1F /* kombiTests.swift */; };
		3D973411210C27190096EF1F /* kombiUITests.swift in Sources */ = {isa = PBXBuildFile; fileRef = 3D973410210C27190096EF1F /* kombiUITests.swift */; };
/* End PBXBuildFile section */

/* Begin PBXContainerItemProxy section */
		3D973402210C27190096EF1F /* PBXContainerItemProxy */ = {
			isa = PBXContainerItemProxy;
			containerPortal = 3D9733E5210C27150096EF1F /* Project object */;
			proxyType = 1;
			remoteGlobalIDString = 3D9733EC210C27160096EF1F;
			remoteInfo = kombi;
		};
		3D97340D210C27190096EF1F /* PBXContainerItemProxy */ = {
			isa = PBXContainerItemProxy;
			containerPortal = 3D9733E5210C27150096EF1F /* Project object */;
			proxyType = 1;
			remoteGlobalIDString = 3D9733EC210C27160096EF1F;
			remoteInfo = kombi;
		};
/* End PBXContainerItemProxy section */

/* Begin PBXFileReference section */
		3D6680E9211B9BFC0026A004 /* MealTableViewController.swift */ = {isa = PBXFileReference; lastKnownFileType = sourcecode.swift; path = MealTableViewController.swift; sourceTree = "<group>"; };
		3D6680EA211B9BFC0026A004 /* MealTableViewController.xib */ = {isa = PBXFileReference; lastKnownFileType = file.xib; path = MealTableViewController.xib; sourceTree = "<group>"; };
		3D829E3A21138E8300B571D2 /* Meal.swift */ = {isa = PBXFileReference; lastKnownFileType = sourcecode.swift; path = Meal.swift; sourceTree = "<group>"; };
		3D829E3C211397AC00B571D2 /* MealTableViewCell.swift */ = {isa = PBXFileReference; lastKnownFileType = sourcecode.swift; path = MealTableViewCell.swift; sourceTree = "<group>"; };
		3D8ACDBD211248FB001303E9 /* RatingControl.swift */ = {isa = PBXFileReference; lastKnownFileType = sourcecode.swift; path = RatingControl.swift; sourceTree = "<group>"; };
		3D9733ED210C27160096EF1F /* FoodTracker.app */ = {isa = PBXFileReference; explicitFileType = wrapper.application; includeInIndex = 0; path = FoodTracker.app; sourceTree = BUILT_PRODUCTS_DIR; };
		3D9733F0210C27160096EF1F /* AppDelegate.swift */ = {isa = PBXFileReference; lastKnownFileType = sourcecode.swift; path = AppDelegate.swift; sourceTree = "<group>"; };
		3D9733F2210C27160096EF1F /* MealViewController.swift */ = {isa = PBXFileReference; lastKnownFileType = sourcecode.swift; path = MealViewController.swift; sourceTree = "<group>"; };
		3D9733F5210C27160096EF1F /* Base */ = {isa = PBXFileReference; lastKnownFileType = file.storyboard; name = Base; path = Base.lproj/Main.storyboard; sourceTree = "<group>"; };
		3D9733F7210C27180096EF1F /* Assets.xcassets */ = {isa = PBXFileReference; lastKnownFileType = folder.assetcatalog; path = Assets.xcassets; sourceTree = "<group>"; };
		3D9733FA210C27180096EF1F /* Base */ = {isa = PBXFileReference; lastKnownFileType = file.storyboard; name = Base; path = Base.lproj/LaunchScreen.storyboard; sourceTree = "<group>"; };
		3D9733FC210C27180096EF1F /* Info.plist */ = {isa = PBXFileReference; lastKnownFileType = text.plist.xml; path = Info.plist; sourceTree = "<group>"; };
		3D973401210C27190096EF1F /* FoodTrackerTests.xctest */ = {isa = PBXFileReference; explicitFileType = wrapper.cfbundle; includeInIndex = 0; path = FoodTrackerTests.xctest; sourceTree = BUILT_PRODUCTS_DIR; };
		3D973405210C27190096EF1F /* kombiTests.swift */ = {isa = PBXFileReference; lastKnownFileType = sourcecode.swift; path = kombiTests.swift; sourceTree = "<group>"; };
		3D973407210C27190096EF1F /* Info.plist */ = {isa = PBXFileReference; lastKnownFileType = text.plist.xml; path = Info.plist; sourceTree = "<group>"; };
		3D97340C210C27190096EF1F /* FoodTrackerUITests.xctest */ = {isa = PBXFileReference; explicitFileType = wrapper.cfbundle; includeInIndex = 0; path = FoodTrackerUITests.xctest; sourceTree = BUILT_PRODUCTS_DIR; };
		3D973410210C27190096EF1F /* kombiUITests.swift */ = {isa = PBXFileReference; lastKnownFileType = sourcecode.swift; path = kombiUITests.swift; sourceTree = "<group>"; };
		3D973412210C27190096EF1F /* Info.plist */ = {isa = PBXFileReference; lastKnownFileType = text.plist.xml; path = Info.plist; sourceTree = "<group>"; };
/* End PBXFileReference section */

/* Begin PBXFrameworksBuildPhase section */
		3D9733EA210C27160096EF1F /* Frameworks */ = {
			isa = PBXFrameworksBuildPhase;
			buildActionMask = 2147483647;
			files = (
			);
			runOnlyForDeploymentPostprocessing = 0;
		};
		3D9733FE210C27190096EF1F /* Frameworks */ = {
			isa = PBXFrameworksBuildPhase;
			buildActionMask = 2147483647;
			files = (
			);
			runOnlyForDeploymentPostprocessing = 0;
		};
		3D973409210C27190096EF1F /* Frameworks */ = {
			isa = PBXFrameworksBuildPhase;
			buildActionMask = 2147483647;
			files = (
			);
			runOnlyForDeploymentPostprocessing = 0;
		};
/* End PBXFrameworksBuildPhase section */

/* Begin PBXGroup section */
		3D9733E4210C27150096EF1F = {
			isa = PBXGroup;
			children = (
				3D9733EF210C27160096EF1F /* FoodTracker */,
				3D973404210C27190096EF1F /* FoodTrackerTests */,
				3D97340F210C27190096EF1F /* FoodTrackerUITests */,
				3D9733EE210C27160096EF1F /* Products */,
			);
			sourceTree = "<group>";
		};
		3D9733EE210C27160096EF1F /* Products */ = {
			isa = PBXGroup;
			children = (
				3D9733ED210C27160096EF1F /* FoodTracker.app */,
				3D973401210C27190096EF1F /* FoodTrackerTests.xctest */,
				3D97340C210C27190096EF1F /* FoodTrackerUITests.xctest */,
			);
			name = Products;
			sourceTree = "<group>";
		};
		3D9733EF210C27160096EF1F /* FoodTracker */ = {
			isa = PBXGroup;
			children = (
				3D9733F0210C27160096EF1F /* AppDelegate.swift */,
				3D9733F2210C27160096EF1F /* MealViewController.swift */,
				3D8ACDBD211248FB001303E9 /* RatingControl.swift */,
				3D9733F4210C27160096EF1F /* Main.storyboard */,
				3D829E3C211397AC00B571D2 /* MealTableViewCell.swift */,
				3D829E3A21138E8300B571D2 /* Meal.swift */,
				3D6680E9211B9BFC0026A004 /* MealTableViewController.swift */,
				3D6680EA211B9BFC0026A004 /* MealTableViewController.xib */,
				3D9733F7210C27180096EF1F /* Assets.xcassets */,
				3D9733F9210C27180096EF1F /* LaunchScreen.storyboard */,
				3D9733FC210C27180096EF1F /* Info.plist */,
			);
			path = FoodTracker;
			sourceTree = "<group>";
		};
		3D973404210C27190096EF1F /* FoodTrackerTests */ = {
			isa = PBXGroup;
			children = (
				3D973405210C27190096EF1F /* kombiTests.swift */,
				3D973407210C27190096EF1F /* Info.plist */,
			);
			path = FoodTrackerTests;
			sourceTree = "<group>";
		};
		3D97340F210C27190096EF1F /* FoodTrackerUITests */ = {
			isa = PBXGroup;
			children = (
				3D973410210C27190096EF1F /* kombiUITests.swift */,
				3D973412210C27190096EF1F /* Info.plist */,
			);
			path = FoodTrackerUITests;
			sourceTree = "<group>";
		};
/* End PBXGroup section */

/* Begin PBXNativeTarget section */
		3D9733EC210C27160096EF1F /* FoodTracker */ = {
			isa = PBXNativeTarget;
			buildConfigurationList = 3D973415210C27190096EF1F /* Build configuration list for PBXNativeTarget "FoodTracker" */;
			buildPhases = (
				3D9733E9210C27160096EF1F /* Sources */,
				3D9733EA210C27160096EF1F /* Frameworks */,
				3D9733EB210C27160096EF1F /* Resources */,
			);
			buildRules = (
			);
			dependencies = (
			);
			name = FoodTracker;
			productName = kombi;
			productReference = 3D9733ED210C27160096EF1F /* FoodTracker.app */;
			productType = "com.apple.product-type.application";
		};
		3D973400210C27190096EF1F /* FoodTrackerTests */ = {
			isa = PBXNativeTarget;
			buildConfigurationList = 3D973418210C27190096EF1F /* Build configuration list for PBXNativeTarget "FoodTrackerTests" */;
			buildPhases = (
				3D9733FD210C27190096EF1F /* Sources */,
				3D9733FE210C27190096EF1F /* Frameworks */,
				3D9733FF210C27190096EF1F /* Resources */,
			);
			buildRules = (
			);
			dependencies = (
				3D973403210C27190096EF1F /* PBXTargetDependency */,
			);
			name = FoodTrackerTests;
			productName = kombiTests;
			productReference = 3D973401210C27190096EF1F /* FoodTrackerTests.xctest */;
			productType = "com.apple.product-type.bundle.unit-test";
		};
		3D97340B210C27190096EF1F /* FoodTrackerUITests */ = {
			isa = PBXNativeTarget;
			buildConfigurationList = 3D97341B210C27190096EF1F /* Build configuration list for PBXNativeTarget "FoodTrackerUITests" */;
			buildPhases = (
				3D973408210C27190096EF1F /* Sources */,
				3D973409210C27190096EF1F /* Frameworks */,
				3D97340A210C27190096EF1F /* Resources */,
			);
			buildRules = (
			);
			dependencies = (
				3D97340E210C27190096EF1F /* PBXTargetDependency */,
			);
			name = FoodTrackerUITests;
			productName = kombiUITests;
			productReference = 3D97340C210C27190096EF1F /* FoodTrackerUITests.xctest */;
			productType = "com.apple.product-type.bundle.ui-testing";
		};
/* End PBXNativeTarget section */

/* Begin PBXProject section */
		3D9733E5210C27150096EF1F /* Project object */ = {
			isa = PBXProject;
			attributes = {
				LastSwiftUpdateCheck = 0940;
				LastUpgradeCheck = 0940;
				ORGANIZATIONNAME = "William Oliveira de Lagos";
				TargetAttributes = {
					3D9733EC210C27160096EF1F = {
						CreatedOnToolsVersion = 9.4.1;
					};
					3D973400210C27190096EF1F = {
						CreatedOnToolsVersion = 9.4.1;
						TestTargetID = 3D9733EC210C27160096EF1F;
					};
					3D97340B210C27190096EF1F = {
						CreatedOnToolsVersion = 9.4.1;
						TestTargetID = 3D9733EC210C27160096EF1F;
					};
				};
			};
			buildConfigurationList = 3D9733E8210C27150096EF1F /* Build configuration list for PBXProject "FoodTracker" */;
			compatibilityVersion = "Xcode 9.3";
			developmentRegion = en;
			hasScannedForEncodings = 0;
			knownRegions = (
				en,
				Base,
			);
			mainGroup = 3D9733E4210C27150096EF1F;
			productRefGroup = 3D9733EE210C27160096EF1F /* Products */;
			projectDirPath = "";
			projectRoot = "";
			targets = (
				3D9733EC210C27160096EF1F /* FoodTracker */,
				3D973400210C27190096EF1F /* FoodTrackerTests */,
				3D97340B210C27190096EF1F /* FoodTrackerUITests */,
			);
		};
/* End PBXProject section */

/* Begin PBXResourcesBuildPhase section */
		3D9733EB210C27160096EF1F /* Resources */ = {
			isa = PBXResourcesBuildPhase;
			buildActionMask = 2147483647;
			files = (
				3D9733FB210C27180096EF1F /* LaunchScreen.storyboard in Resources */,
				3D9733F8210C27180096EF1F /* Assets.xcassets in Resources */,
				3D6680EC211B9BFC0026A004 /* MealTableViewController.xib in Resources */,
				3D9733F6210C27160096EF1F /* Main.storyboard in Resources */,
			);
			runOnlyForDeploymentPostprocessing = 0;
		};
		3D9733FF210C27190096EF1F /* Resources */ = {
			isa = PBXResourcesBuildPhase;
			buildActionMask = 2147483647;
			files = (
			);
			runOnlyForDeploymentPostprocessing = 0;
		};
		3D97340A210C27190096EF1F /* Resources */ = {
			isa = PBXResourcesBuildPhase;
			buildActionMask = 2147483647;
			files = (
			);
			runOnlyForDeploymentPostprocessing = 0;
		};
/* End PBXResourcesBuildPhase section */

/* Begin PBXSourcesBuildPhase section */
		3D9733E9210C27160096EF1F /* Sources */ = {
			isa = PBXSourcesBuildPhase;
			buildActionMask = 2147483647;
			files = (
				3D829E3B21138E8300B571D2 /* Meal.swift in Sources */,
				3D9733F3210C27160096EF1F /* MealViewController.swift in Sources */,
				3D8ACDBE211248FB001303E9 /* RatingControl.swift in Sources */,
				3D9733F1210C27160096EF1F /* AppDelegate.swift in Sources */,
				3D6680EB211B9BFC0026A004 /* MealTableViewController.swift in Sources */,
				3D829E3D211397AC00B571D2 /* MealTableViewCell.swift in Sources */,
			);
			runOnlyForDeploymentPostprocessing = 0;
		};
		3D9733FD210C27190096EF1F /* Sources */ = {
			isa = PBXSourcesBuildPhase;
			buildActionMask = 2147483647;
			files = (
				3D973406210C27190096EF1F /* kombiTests.swift in Sources */,
			);
			runOnlyForDeploymentPostprocessing = 0;
		};
		3D973408210C27190096EF1F /* Sources */ = {
			isa = PBXSourcesBuildPhase;
			buildActionMask = 2147483647;
			files = (
				3D973411210C27190096EF1F /* kombiUITests.swift in Sources */,
			);
			runOnlyForDeploymentPostprocessing = 0;
		};
/* End PBXSourcesBuildPhase section */

/* Begin PBXTargetDependency section */
		3D973403210C27190096EF1F /* PBXTargetDependency */ = {
			isa = PBXTargetDependency;
			target = 3D9733EC210C27160096EF1F /* FoodTracker */;
			targetProxy = 3D973402210C27190096EF1F /* PBXContainerItemProxy */;
		};
		3D97340E210C27190096EF1F /* PBXTargetDependency */ = {
			isa = PBXTargetDependency;
			target = 3D9733EC210C27160096EF1F /* FoodTracker */;
			targetProxy = 3D97340D210C27190096EF1F /* PBXContainerItemProxy */;
		};
/* End PBXTargetDependency section */

/* Begin PBXVariantGroup section */
		3D9733F4210C27160096EF1F /* Main.storyboard */ = {
			isa = PBXVariantGroup;
			children = (
				3D9733F5210C27160096EF1F /* Base */,
			);
			name = Main.storyboard;
			sourceTree = "<group>";
		};
		3D9733F9210C27180096EF1F /* LaunchScreen.storyboard */ = {
			isa = PBXVariantGroup;
			children = (
				3D9733FA210C27180096EF1F /* Base */,
			);
			name = LaunchScreen.storyboard;
			sourceTree = "<group>";
		};
/* End PBXVariantGroup section */

/* Begin XCBuildConfiguration section */
		3D973413210C27190096EF1F /* Debug */ = {
			isa = XCBuildConfiguration;
			buildSettings = {
				ALWAYS_SEARCH_USER_PATHS = NO;
				CLANG_ANALYZER_NONNULL = YES;
				CLANG_ANALYZER_NUMBER_OBJECT_CONVERSION = YES_AGGRESSIVE;
				CLANG_CXX_LANGUAGE_STANDARD = "gnu++14";
				CLANG_CXX_LIBRARY = "libc++";
				CLANG_ENABLE_MODULES = YES;
				CLANG_ENABLE_OBJC_ARC = YES;
				CLANG_ENABLE_OBJC_WEAK = YES;
				CLANG_WARN_BLOCK_CAPTURE_AUTORELEASING = YES;
				CLANG_WARN_BOOL_CONVERSION = YES;
				CLANG_WARN_COMMA = YES;
				CLANG_WARN_CONSTANT_CONVERSION = YES;
				CLANG_WARN_DEPRECATED_OBJC_IMPLEMENTATIONS = YES;
				CLANG_WARN_DIRECT_OBJC_ISA_USAGE = YES_ERROR;
				CLANG_WARN_DOCUMENTATION_COMMENTS = YES;
				CLANG_WARN_EMPTY_BODY = YES;
				CLANG_WARN_ENUM_CONVERSION = YES;
				CLANG_WARN_INFINITE_RECURSION = YES;
				CLANG_WARN_INT_CONVERSION = YES;
				CLANG_WARN_NON_LITERAL_NULL_CONVERSION = YES;
				CLANG_WARN_OBJC_IMPLICIT_RETAIN_SELF = YES;
				CLANG_WARN_OBJC_LITERAL_CONVERSION = YES;
				CLANG_WARN_OBJC_ROOT_CLASS = YES_ERROR;
				CLANG_WARN_RANGE_LOOP_ANALYSIS = YES;
				CLANG_WARN_STRICT_PROTOTYPES = YES;
				CLANG_WARN_SUSPICIOUS_MOVE = YES;
				CLANG_WARN_UNGUARDED_AVAILABILITY = YES_AGGRESSIVE;
				CLANG_WARN_UNREACHABLE_CODE = YES;
				CLANG_WARN__DUPLICATE_METHOD_MATCH = YES;
				CODE_SIGN_IDENTITY = "iPhone Developer";
				COPY_PHASE_STRIP = NO;
				DEBUG_INFORMATION_FORMAT = dwarf;
				ENABLE_STRICT_OBJC_MSGSEND = YES;
				ENABLE_TESTABILITY = YES;
				GCC_C_LANGUAGE_STANDARD = gnu11;
				GCC_DYNAMIC_NO_PIC = NO;
				GCC_NO_COMMON_BLOCKS = YES;
				GCC_OPTIMIZATION_LEVEL = 0;
				GCC_PREPROCESSOR_DEFINITIONS = (
					"DEBUG=1",
					"$(inherited)",
				);
				GCC_WARN_64_TO_32_BIT_CONVERSION = YES;
				GCC_WARN_ABOUT_RETURN_TYPE = YES_ERROR;
				GCC_WARN_UNDECLARED_SELECTOR = YES;
				GCC_WARN_UNINITIALIZED_AUTOS = YES_AGGRESSIVE;
				GCC_WARN_UNUSED_FUNCTION = YES;
				GCC_WARN_UNUSED_VARIABLE = YES;
				IPHONEOS_DEPLOYMENT_TARGET = 11.4;
				MTL_ENABLE_DEBUG_INFO = YES;
				ONLY_ACTIVE_ARCH = YES;
				SDKROOT = iphoneos;
				SWIFT_ACTIVE_COMPILATION_CONDITIONS = DEBUG;
				SWIFT_OPTIMIZATION_LEVEL = "-Onone";
			};
			name = Debug;
		};
		3D973414210C27190096EF1F /* Release */ = {
			isa = XCBuildConfiguration;
			buildSettings = {
				ALWAYS_SEARCH_USER_PATHS = NO;
				CLANG_ANALYZER_NONNULL = YES;
				CLANG_ANALYZER_NUMBER_OBJECT_CONVERSION = YES_AGGRESSIVE;
				CLANG_CXX_LANGUAGE_STANDARD = "gnu++14";
				CLANG_CXX_LIBRARY = "libc++";
				CLANG_ENABLE_MODULES = YES;
				CLANG_ENABLE_OBJC_ARC = YES;
				CLANG_ENABLE_OBJC_WEAK = YES;
				CLANG_WARN_BLOCK_CAPTURE_AUTORELEASING = YES;
				CLANG_WARN_BOOL_CONVERSION = YES;
				CLANG_WARN_COMMA = YES;
				CLANG_WARN_CONSTANT_CONVERSION = YES;
				CLANG_WARN_DEPRECATED_OBJC_IMPLEMENTATIONS = YES;
				CLANG_WARN_DIRECT_OBJC_ISA_USAGE = YES_ERROR;
				CLANG_WARN_DOCUMENTATION_COMMENTS = YES;
				CLANG_WARN_EMPTY_BODY = YES;
				CLANG_WARN_ENUM_CONVERSION = YES;
				CLANG_WARN_INFINITE_RECURSION = YES;
				CLANG_WARN_INT_CONVERSION = YES;
				CLANG_WARN_NON_LITERAL_NULL_CONVERSION = YES;
				CLANG_WARN_OBJC_IMPLICIT_RETAIN_SELF = YES;
				CLANG_WARN_OBJC_LITERAL_CONVERSION = YES;
				CLANG_WARN_OBJC_ROOT_CLASS = YES_ERROR;
				CLANG_WARN_RANGE_LOOP_ANALYSIS = YES;
				CLANG_WARN_STRICT_PROTOTYPES = YES;
				CLANG_WARN_SUSPICIOUS_MOVE = YES;
				CLANG_WARN_UNGUARDED_AVAILABILITY = YES_AGGRESSIVE;
				CLANG_WARN_UNREACHABLE_CODE = YES;
				CLANG_WARN__DUPLICATE_METHOD_MATCH = YES;
				CODE_SIGN_IDENTITY = "iPhone Developer";
				COPY_PHASE_STRIP = NO;
				DEBUG_INFORMATION_FORMAT = "dwarf-with-dsym";
				ENABLE_NS_ASSERTIONS = NO;
				ENABLE_STRICT_OBJC_MSGSEND = YES;
				GCC_C_LANGUAGE_STANDARD = gnu11;
				GCC_NO_COMMON_BLOCKS = YES;
				GCC_WARN_64_TO_32_BIT_CONVERSION = YES;
				GCC_WARN_ABOUT_RETURN_TYPE = YES_ERROR;
				GCC_WARN_UNDECLARED_SELECTOR = YES;
				GCC_WARN_UNINITIALIZED_AUTOS = YES_AGGRESSIVE;
				GCC_WARN_UNUSED_FUNCTION = YES;
				GCC_WARN_UNUSED_VARIABLE = YES;
				IPHONEOS_DEPLOYMENT_TARGET = 11.4;
				MTL_ENABLE_DEBUG_INFO = NO;
				SDKROOT = iphoneos;
				SWIFT_COMPILATION_MODE = wholemodule;
				SWIFT_OPTIMIZATION_LEVEL = "-O";
				VALIDATE_PRODUCT = YES;
			};
			name = Release;
		};
		3D973416210C27190096EF1F /* Debug */ = {
			isa = XCBuildConfiguration;
			buildSettings = {
				ASSETCATALOG_COMPILER_APPICON_NAME = AppIcon;
				CODE_SIGN_STYLE = Automatic;
				DEVELOPMENT_TEAM = CY492ZD5PH;
				INFOPLIST_FILE = "$(SRCROOT)/FoodTracker/Info.plist";
				LD_RUNPATH_SEARCH_PATHS = (
					"$(inherited)",
					"@executable_path/Frameworks",
				);
				PRODUCT_BUNDLE_IDENTIFIER = com.williamlagos.foodtracker;
				PRODUCT_NAME = "$(TARGET_NAME)";
				SWIFT_VERSION = 4.0;
				TARGETED_DEVICE_FAMILY = "1,2";
			};
			name = Debug;
		};
		3D973417210C27190096EF1F /* Release */ = {
			isa = XCBuildConfiguration;
			buildSettings = {
				ASSETCATALOG_COMPILER_APPICON_NAME = AppIcon;
				CODE_SIGN_STYLE = Automatic;
				DEVELOPMENT_TEAM = CY492ZD5PH;
				INFOPLIST_FILE = "$(SRCROOT)/FoodTracker/Info.plist";
				LD_RUNPATH_SEARCH_PATHS = (
					"$(inherited)",
					"@executable_path/Frameworks",
				);
				PRODUCT_BUNDLE_IDENTIFIER = com.williamlagos.foodtracker;
				PRODUCT_NAME = "$(TARGET_NAME)";
				SWIFT_VERSION = 4.0;
				TARGETED_DEVICE_FAMILY = "1,2";
			};
			name = Release;
		};
		3D973419210C27190096EF1F /* Debug */ = {
			isa = XCBuildConfiguration;
			buildSettings = {
				ALWAYS_EMBED_SWIFT_STANDARD_LIBRARIES = YES;
				BUNDLE_LOADER = "$(TEST_HOST)";
				CODE_SIGN_STYLE = Automatic;
				DEVELOPMENT_TEAM = CY492ZD5PH;
				INFOPLIST_FILE = kombiTests/Info.plist;
				LD_RUNPATH_SEARCH_PATHS = (
					"$(inherited)",
					"@executable_path/Frameworks",
					"@loader_path/Frameworks",
				);
				PRODUCT_BUNDLE_IDENTIFIER = com.efforia.kombiTests;
				PRODUCT_NAME = "$(TARGET_NAME)";
				SWIFT_VERSION = 4.0;
				TARGETED_DEVICE_FAMILY = "1,2";
				TEST_HOST = "$(BUILT_PRODUCTS_DIR)/FoodTracker.app/FoodTracker";
			};
			name = Debug;
		};
		3D97341A210C27190096EF1F /* Release */ = {
			isa = XCBuildConfiguration;
			buildSettings = {
				ALWAYS_EMBED_SWIFT_STANDARD_LIBRARIES = YES;
				BUNDLE_LOADER = "$(TEST_HOST)";
				CODE_SIGN_STYLE = Automatic;
				DEVELOPMENT_TEAM = CY492ZD5PH;
				INFOPLIST_FILE = kombiTests/Info.plist;
				LD_RUNPATH_SEARCH_PATHS = (
					"$(inherited)",
					"@executable_path/Frameworks",
					"@loader_path/Frameworks",
				);
				PRODUCT_BUNDLE_IDENTIFIER = com.efforia.kombiTests;
				PRODUCT_NAME = "$(TARGET_NAME)";
				SWIFT_VERSION = 4.0;
				TARGETED_DEVICE_FAMILY = "1,2";
				TEST_HOST = "$(BUILT_PRODUCTS_DIR)/FoodTracker.app/FoodTracker";
			};
			name = Release;
		};
		3D97341C210C27190096EF1F /* Debug */ = {
			isa = XCBuildConfiguration;
			buildSettings = {
				ALWAYS_EMBED_SWIFT_STANDARD_LIBRARIES = YES;
				CODE_SIGN_STYLE = Automatic;
				DEVELOPMENT_TEAM = CY492ZD5PH;
				INFOPLIST_FILE = kombiUITests/Info.plist;
				LD_RUNPATH_SEARCH_PATHS = (
					"$(inherited)",
					"@executable_path/Frameworks",
					"@loader_path/Frameworks",
				);
				PRODUCT_BUNDLE_IDENTIFIER = com.efforia.kombiUITests;
				PRODUCT_NAME = "$(TARGET_NAME)";
				SWIFT_VERSION = 4.0;
				TARGETED_DEVICE_FAMILY = "1,2";
				TEST_TARGET_NAME = kombi;
			};
			name = Debug;
		};
		3D97341D210C27190096EF1F /* Release */ = {
			isa = XCBuildConfiguration;
			buildSettings = {
				ALWAYS_EMBED_SWIFT_STANDARD_LIBRARIES = YES;
				CODE_SIGN_STYLE = Automatic;
				DEVELOPMENT_TEAM = CY492ZD5PH;
				INFOPLIST_FILE = kombiUITests/Info.plist;
				LD_RUNPATH_SEARCH_PATHS = (
					"$(inherited)",
					"@executable_path/Frameworks",
					"@loader_path/Frameworks",
				);
				PRODUCT_BUNDLE_IDENTIFIER = com.efforia.kombiUITests;
				PRODUCT_NAME = "$(TARGET_NAME)";
				SWIFT_VERSION = 4.0;
				TARGETED_DEVICE_FAMILY = "1,2";
				TEST_TARGET_NAME = kombi;
			};
			name = Release;
		};
/* End XCBuildConfiguration section */

/* Begin XCConfigurationList section */
		3D9733E8210C27150096EF1F /* Build configuration list for PBXProject "FoodTracker" */ = {
			isa = XCConfigurationList;
			buildConfigurations = (
				3D973413210C27190096EF1F /* Debug */,
				3D973414210C27190096EF1F /* Release */,
			);
			defaultConfigurationIsVisible = 0;
			defaultConfigurationName = Release;
		};
		3D973415210C27190096EF1F /* Build configuration list for PBXNativeTarget "FoodTracker" */ = {
			isa = XCConfigurationList;
			buildConfigurations = (
				3D973416210C27190096EF1F /* Debug */,
				3D973417210C27190096EF1F /* Release */,
			);
			defaultConfigurationIsVisible = 0;
			defaultConfigurationName = Release;
		};
		3D973418210C27190096EF1F /* Build configuration list for PBXNativeTarget "FoodTrackerTests" */ = {
			isa = XCConfigurationList;
			buildConfigurations = (
				3D973419210C27190096EF1F /* Debug */,
				3D97341A210C27190096EF1F /* Release */,
			);
			defaultConfigurationIsVisible = 0;
			defaultConfigurationName = Release;
		};
		3D97341B210C27190096EF1F /* Build configuration list for PBXNativeTarget "FoodTrackerUITests" */ = {
			isa = XCConfigurationList;
			buildConfigurations = (
				3D97341C210C27190096EF1F /* Debug */,
				3D97341D210C27190096EF1F /* Release */,
			);
			defaultConfigurationIsVisible = 0;
			defaultConfigurationName = Release;
		};
/* End XCConfigurationList section */
	};
	rootObject = 3D9733E5210C27150096EF1F /* Project object */;
}
